
Microsoft Visual Studio Solution File, Format Version 12.00
# Visual Studio Version 16
VisualStudioVersion = 16.0.31829.152
MinimumVisualStudioVersion = 10.0.40219.1
Project("{FAE04EC0-301F-11D3-BF4B-00C04F79EFBC}") = "CapaDatos", "CapaDatos\CapaDatos.csproj", "{53A6AE10-0721-4717-8FB2-5833B8216108}"
EndProject
Project("{FAE04EC0-301F-11D3-BF4B-00C04F79EFBC}") = "CapaNegocios", "CapaNegocios\CapaNegocios.csproj", "{2C3B4277-0228-49EF-9882-22F8C7CDC63F}"
EndProject
Project("{FAE04EC0-301F-11D3-BF4B-00C04F79EFBC}") = "CarritoDeCompras", "CarritoDeCompras\CarritoDeCompras.csproj", "{EFE5C8FF-6484-4AA9-A644-6F98791029FA}"
EndProject
Global
	GlobalSection(SolutionConfigurationPlatforms) = preSolution
		Debug|Any CPU = Debug|Any CPU
		Release|Any CPU = Release|Any CPU
	EndGlobalSection
	GlobalSection(ProjectConfigurationPlatforms) = postSolution
		{53A6AE10-0721-4717-8FB2-5833B8216108}.Debug|Any CPU.ActiveCfg = Debug|Any CPU
		{53A6AE10-0721-4717-8FB2-5833B8216108}.Debug|Any CPU.Build.0 = Debug|Any CPU
		{53A6AE10-0721-4717-8FB2-5833B8216108}.Release|Any CPU.ActiveCfg = Release|Any CPU
		{53A6AE10-0721-4717-8FB2-5833B8216108}.Release|Any CPU.Build.0 = Release|Any CPU
		{2C3B4277-0228-49EF-9882-22F8C7CDC63F}.Debug|Any CPU.ActiveCfg = Debug|Any CPU
		{2C3B4277-0228-49EF-9882-22F8C7CDC63F}.Debug|Any CPU.Build.0 = Debug|Any CPU
		{2C3B4277-0228-49EF-9882-22F8C7CDC63F}.Release|Any CPU.ActiveCfg = Release|Any CPU
		{2C3B4277-0228-49EF-9882-22F8C7CDC63F}.Release|Any CPU.Build.0 = Release|Any CPU
		{EFE5C8FF-6484-4AA9-A644-6F98791029FA}.Debug|Any CPU.ActiveCfg = Debug|Any CPU
		{EFE5C8FF-6484-4AA9-A644-6F98791029FA}.Debug|Any CPU.Build.0 = Debug|Any CPU
		{EFE5C8FF-6484-4AA9-A644-6F98791029FA}.Release|Any CPU.ActiveCfg = Release|Any CPU
		{EFE5C8FF-6484-4AA9-A644-6F98791029FA}.Release|Any CPU.Build.0 = Release|Any CPU
	EndGlobalSection
	GlobalSection(SolutionProperties) = preSolution
		HideSolutionNode = FALSE
	EndGlobalSection
	GlobalSection(ExtensibilityGlobals) = postSolution
		SolutionGuid = {09A3C1F7-5BB3-4F55-B5C1-7B8221786F58}
	EndGlobalSection
EndGlobal
